{
    "version": 3,
    "terraform_version": "0.7.3",
    "serial": 20,
    "lineage": "07d76726-870d-40a8-a4be-5ebcd093e740",
    "modules": [
        {
            "path": [
                "root"
            ],
            "outputs": {},
            "resources": {},
            "depends_on": []
        },
        {
            "path": [
                "root",
                "autoscaling_groups"
            ],
            "outputs": {
                "ecs_autoscaling_group": {
                    "sensitive": false,
                    "type": "string",
                    "value": "tf-asg-20161102160818690387786d2j"
                }
            },
            "resources": {
                "aws_autoscaling_group.ecs": {
                    "type": "aws_autoscaling_group",
                    "depends_on": [],
                    "primary": {
                        "id": "tf-asg-20161102160818690387786d2j",
                        "attributes": {
                            "arn": "arn:aws:autoscaling:eu-west-1:469564823659:autoScalingGroup:ce4a03b8-dd8f-4963-add0-9934668aa0b3:autoScalingGroupName/tf-asg-20161102160818690387786d2j",
                            "availability_zones.#": "3",
                            "availability_zones.1924028850": "eu-west-1b",
                            "availability_zones.3953592328": "eu-west-1a",
                            "availability_zones.94988580": "eu-west-1c",
                            "default_cooldown": "300",
                            "desired_capacity": "2",
                            "force_delete": "true",
                            "health_check_grace_period": "300",
                            "health_check_type": "EC2",
                            "id": "tf-asg-20161102160818690387786d2j",
                            "launch_configuration": "terraform-20161102160818009574619p4v",
                            "load_balancers.#": "1",
                            "load_balancers.3265431780": "dev-ecs-elb",
                            "max_size": "5",
                            "metrics_granularity": "1Minute",
                            "min_size": "1",
                            "name": "tf-asg-20161102160818690387786d2j",
                            "placement_group": "",
                            "protect_from_scale_in": "false",
                            "tag.#": "0",
                            "target_group_arns.#": "0",
                            "termination_policies.#": "0",
                            "vpc_zone_identifier.#": "3",
                            "vpc_zone_identifier.2341370264": "subnet-efc78b8b",
                            "vpc_zone_identifier.3789625146": "subnet-68c14830",
                            "vpc_zone_identifier.4282060621": "subnet-2093d656",
                            "wait_for_capacity_timeout": "10m"
                        },
                        "meta": {},
                        "tainted": false
                    },
                    "deposed": [],
                    "provider": ""
                }
            },
            "depends_on": []
        },
        {
            "path": [
                "root",
                "autoscaling_policy"
            ],
            "outputs": {
                "agents_scale_down": {
                    "sensitive": false,
                    "type": "string",
                    "value": "arn:aws:autoscaling:eu-west-1:469564823659:scalingPolicy:19c1502d-400e-4e06-b5e2-7b2ab5065450:autoScalingGroupName/tf-asg-20161102160818690387786d2j:policyName/agents-scale-down"
                },
                "agents_scale_up": {
                    "sensitive": false,
                    "type": "string",
                    "value": "arn:aws:autoscaling:eu-west-1:469564823659:scalingPolicy:f1b744c2-ad44-49c3-8726-1888e1e35931:autoScalingGroupName/tf-asg-20161102160818690387786d2j:policyName/agents-scale-up"
                }
            },
            "resources": {
                "aws_autoscaling_policy.agents-scale-down": {
                    "type": "aws_autoscaling_policy",
                    "depends_on": [],
                    "primary": {
                        "id": "agents-scale-down",
                        "attributes": {
                            "adjustment_type": "ChangeInCapacity",
                            "arn": "arn:aws:autoscaling:eu-west-1:469564823659:scalingPolicy:19c1502d-400e-4e06-b5e2-7b2ab5065450:autoScalingGroupName/tf-asg-20161102160818690387786d2j:policyName/agents-scale-down",
                            "autoscaling_group_name": "tf-asg-20161102160818690387786d2j",
                            "cooldown": "300",
                            "estimated_instance_warmup": "0",
                            "id": "agents-scale-down",
                            "metric_aggregation_type": "",
                            "min_adjustment_step": "0",
                            "name": "agents-scale-down",
                            "policy_type": "SimpleScaling",
                            "scaling_adjustment": "-1",
                            "step_adjustment.#": "0"
                        },
                        "meta": {},
                        "tainted": false
                    },
                    "deposed": [],
                    "provider": ""
                },
                "aws_autoscaling_policy.agents-scale-up": {
                    "type": "aws_autoscaling_policy",
                    "depends_on": [],
                    "primary": {
                        "id": "agents-scale-up",
                        "attributes": {
                            "adjustment_type": "ChangeInCapacity",
                            "arn": "arn:aws:autoscaling:eu-west-1:469564823659:scalingPolicy:f1b744c2-ad44-49c3-8726-1888e1e35931:autoScalingGroupName/tf-asg-20161102160818690387786d2j:policyName/agents-scale-up",
                            "autoscaling_group_name": "tf-asg-20161102160818690387786d2j",
                            "cooldown": "300",
                            "estimated_instance_warmup": "0",
                            "id": "agents-scale-up",
                            "metric_aggregation_type": "",
                            "min_adjustment_step": "0",
                            "name": "agents-scale-up",
                            "policy_type": "SimpleScaling",
                            "scaling_adjustment": "1",
                            "step_adjustment.#": "0"
                        },
                        "meta": {},
                        "tainted": false
                    },
                    "deposed": [],
                    "provider": ""
                }
            },
            "depends_on": []
        },
        {
            "path": [
                "root",
                "cloudwatch"
            ],
            "outputs": {},
            "resources": {
                "aws_cloudwatch_metric_alarm.memory-high": {
                    "type": "aws_cloudwatch_metric_alarm",
                    "depends_on": [],
                    "primary": {
                        "id": "mem-util-high-agents",
                        "attributes": {
                            "actions_enabled": "true",
                            "alarm_actions.#": "1",
                            "alarm_actions.834578365": "arn:aws:autoscaling:eu-west-1:469564823659:scalingPolicy:f1b744c2-ad44-49c3-8726-1888e1e35931:autoScalingGroupName/tf-asg-20161102160818690387786d2j:policyName/agents-scale-up",
                            "alarm_description": "This metric monitors ec2 memory for high utilization on agent hosts",
                            "alarm_name": "mem-util-high-agents",
                            "comparison_operator": "GreaterThanOrEqualToThreshold",
                            "dimensions.%": "1",
                            "dimensions.AutoScalingGroupName": "tf-asg-20161102160818690387786d2j",
                            "evaluation_periods": "2",
                            "id": "mem-util-high-agents",
                            "insufficient_data_actions.#": "0",
                            "metric_name": "MemoryUtilization",
                            "namespace": "System/Linux",
                            "ok_actions.#": "0",
                            "period": "300",
                            "statistic": "Average",
                            "threshold": "80",
                            "unit": ""
                        },
                        "meta": {},
                        "tainted": false
                    },
                    "deposed": [],
                    "provider": ""
                },
                "aws_cloudwatch_metric_alarm.memory-low": {
                    "type": "aws_cloudwatch_metric_alarm",
                    "depends_on": [],
                    "primary": {
                        "id": "mem-util-low-agents",
                        "attributes": {
                            "actions_enabled": "true",
                            "alarm_actions.#": "1",
                            "alarm_actions.2627509824": "arn:aws:autoscaling:eu-west-1:469564823659:scalingPolicy:19c1502d-400e-4e06-b5e2-7b2ab5065450:autoScalingGroupName/tf-asg-20161102160818690387786d2j:policyName/agents-scale-down",
                            "alarm_description": "This metric monitors ec2 memory for low utilization on agent hosts",
                            "alarm_name": "mem-util-low-agents",
                            "comparison_operator": "LessThanOrEqualToThreshold",
                            "dimensions.%": "1",
                            "dimensions.AutoScalingGroupName": "tf-asg-20161102160818690387786d2j",
                            "evaluation_periods": "2",
                            "id": "mem-util-low-agents",
                            "insufficient_data_actions.#": "0",
                            "metric_name": "MemoryUtilization",
                            "namespace": "System/Linux",
                            "ok_actions.#": "0",
                            "period": "300",
                            "statistic": "Average",
                            "threshold": "40",
                            "unit": ""
                        },
                        "meta": {},
                        "tainted": false
                    },
                    "deposed": [],
                    "provider": ""
                }
            },
            "depends_on": []
        },
        {
            "path": [
                "root",
                "elb"
            ],
            "outputs": {
                "elb_dns": {
                    "sensitive": false,
                    "type": "string",
                    "value": "dev-ecs-elb-296294022.eu-west-1.elb.amazonaws.com"
                },
                "elb_id": {
                    "sensitive": false,
                    "type": "string",
                    "value": "dev-ecs-elb"
                }
            },
            "resources": {
                "aws_elb.ecs": {
                    "type": "aws_elb",
                    "depends_on": [],
                    "primary": {
                        "id": "dev-ecs-elb",
                        "attributes": {
                            "access_logs.#": "0",
                            "availability_zones.#": "3",
                            "availability_zones.1924028850": "eu-west-1b",
                            "availability_zones.3953592328": "eu-west-1a",
                            "availability_zones.94988580": "eu-west-1c",
                            "connection_draining": "true",
                            "connection_draining_timeout": "400",
                            "cross_zone_load_balancing": "true",
                            "dns_name": "dev-ecs-elb-296294022.eu-west-1.elb.amazonaws.com",
                            "health_check.#": "1",
                            "health_check.0.healthy_threshold": "2",
                            "health_check.0.interval": "30",
                            "health_check.0.target": "HTTP:80/",
                            "health_check.0.timeout": "3",
                            "health_check.0.unhealthy_threshold": "2",
                            "id": "dev-ecs-elb",
                            "idle_timeout": "400",
                            "instances.#": "0",
                            "internal": "false",
                            "listener.#": "1",
                            "listener.3057123346.instance_port": "80",
                            "listener.3057123346.instance_protocol": "http",
                            "listener.3057123346.lb_port": "80",
                            "listener.3057123346.lb_protocol": "http",
                            "listener.3057123346.ssl_certificate_id": "",
                            "name": "dev-ecs-elb",
                            "security_groups.#": "1",
                            "security_groups.1410496727": "sg-1ee03978",
                            "source_security_group": "469564823659/sg_elb",
                            "source_security_group_id": "sg-1ee03978",
                            "subnets.#": "3",
                            "subnets.1473922154": "subnet-2393d655",
                            "subnets.2405686244": "subnet-e8c78b8c",
                            "subnets.814820376": "subnet-69c14831",
                            "tags.%": "1",
                            "tags.Name": "dev ecs elb",
                            "zone_id": "Z32O12XQLNTSW2"
                        },
                        "meta": {},
                        "tainted": false
                    },
                    "deposed": [],
                    "provider": ""
                }
            },
            "depends_on": []
        },
        {
            "path": [
                "root",
                "launch_configuration"
            ],
            "outputs": {
                "ecs": {
                    "sensitive": false,
                    "type": "string",
                    "value": "terraform-20161102160818009574619p4v"
                }
            },
            "resources": {
                "aws_iam_instance_profile.ecs_inst_profile": {
                    "type": "aws_iam_instance_profile",
                    "depends_on": [
                        "aws_iam_role.ecs_role"
                    ],
                    "primary": {
                        "id": "ecs_inst_profile",
                        "attributes": {
                            "arn": "arn:aws:iam::469564823659:instance-profile/ecs_inst_profile",
                            "id": "ecs_inst_profile",
                            "name": "ecs_inst_profile",
                            "path": "/",
                            "roles.#": "1",
                            "roles.112154061": "ecs_role"
                        },
                        "meta": {},
                        "tainted": false
                    },
                    "deposed": [],
                    "provider": ""
                },
                "aws_iam_role.ecs_role": {
                    "type": "aws_iam_role",
                    "depends_on": [],
                    "primary": {
                        "id": "ecs_role",
                        "attributes": {
                            "arn": "arn:aws:iam::469564823659:role/ecs_role",
                            "assume_role_policy": "{\n  \"Version\": \"2008-10-17\",\n  \"Statement\": [\n    {\n      \"Action\": \"sts:AssumeRole\",\n      \"Principal\": {\n        \"Service\": [\"ecs.amazonaws.com\", \"ec2.amazonaws.com\"]\n      },\n      \"Effect\": \"Allow\"\n    }\n  ]\n}",
                            "id": "ecs_role",
                            "name": "ecs_role",
                            "path": "/",
                            "unique_id": "AROAJB4BUVCPWTA7HSV2G"
                        },
                        "meta": {},
                        "tainted": false
                    },
                    "deposed": [],
                    "provider": ""
                },
                "aws_iam_role_policy.ecs_instance_role_policy": {
                    "type": "aws_iam_role_policy",
                    "depends_on": [
                        "aws_iam_role.ecs_role"
                    ],
                    "primary": {
                        "id": "ecs_role:ecs_instance_role_policy",
                        "attributes": {
                            "id": "ecs_role:ecs_instance_role_policy",
                            "name": "ecs_instance_role_policy",
                            "policy": "{\n  \"Version\": \"2012-10-17\",\n  \"Statement\": [\n    {\n      \"Effect\": \"Allow\",\n      \"Action\": [\n        \"ecs:CreateCluster\",\n        \"ecs:DeregisterContainerInstance\",\n        \"ecs:DiscoverPollEndpoint\",\n        \"ecs:Poll\",\n        \"ecs:RegisterContainerInstance\",\n        \"ecs:StartTelemetrySession\",\n        \"ecs:Submit*\",\n        \"ecr:GetAuthorizationToken\",\n        \"ecr:BatchCheckLayerAvailability\",\n        \"ecr:GetDownloadUrlForLayer\",\n        \"ecr:BatchGetImage\",\n        \"logs:CreateLogStream\",\n        \"logs:PutLogEvents\"\n      ],\n      \"Resource\": \"*\"\n    }\n  ]\n}",
                            "role": "ecs_role"
                        },
                        "meta": {},
                        "tainted": false
                    },
                    "deposed": [],
                    "provider": ""
                },
                "aws_iam_role_policy.ecs_service_role_policy": {
                    "type": "aws_iam_role_policy",
                    "depends_on": [
                        "aws_iam_role.ecs_role"
                    ],
                    "primary": {
                        "id": "ecs_role:ecs_service_role_policy",
                        "attributes": {
                            "id": "ecs_role:ecs_service_role_policy",
                            "name": "ecs_service_role_policy",
                            "policy": "{\n  \"Version\": \"2012-10-17\",\n  \"Statement\": [\n    {\n      \"Effect\": \"Allow\",\n      \"Action\": [\n        \"ec2:AuthorizeSecurityGroupIngress\",\n        \"ec2:Describe*\",\n        \"elasticloadbalancing:DeregisterInstancesFromLoadBalancer\",\n        \"elasticloadbalancing:DeregisterTargets\",\n        \"elasticloadbalancing:Describe*\",\n        \"elasticloadbalancing:RegisterInstancesWithLoadBalancer\",\n        \"elasticloadbalancing:RegisterTargets\"\n      ],\n      \"Resource\": \"*\"\n    }\n  ]\n}",
                            "role": "ecs_role"
                        },
                        "meta": {},
                        "tainted": false
                    },
                    "deposed": [],
                    "provider": ""
                },
                "aws_launch_configuration.ecs": {
                    "type": "aws_launch_configuration",
                    "depends_on": [
                        "aws_iam_instance_profile.ecs_inst_profile"
                    ],
                    "primary": {
                        "id": "terraform-20161102160818009574619p4v",
                        "attributes": {
                            "associate_public_ip_address": "false",
                            "ebs_block_device.#": "0",
                            "ebs_optimized": "false",
                            "enable_monitoring": "true",
                            "ephemeral_block_device.#": "0",
                            "iam_instance_profile": "ecs_inst_profile",
                            "id": "terraform-20161102160818009574619p4v",
                            "image_id": "ami-30491c43",
                            "instance_type": "t2.medium",
                            "key_name": "ops",
                            "name": "terraform-20161102160818009574619p4v",
                            "root_block_device.#": "0",
                            "security_groups.#": "1",
                            "security_groups.1558500536": "sg-1ae0397c",
                            "spot_price": "",
                            "user_data": "8409d24e3863e216c155de078af4aca726af41dd",
                            "vpc_classic_link_id": "",
                            "vpc_classic_link_security_groups.#": "0"
                        },
                        "meta": {},
                        "tainted": false
                    },
                    "deposed": [],
                    "provider": ""
                }
            },
            "depends_on": []
        },
        {
            "path": [
                "root",
                "launch_congiuration"
            ],
            "outputs": {},
            "resources": {},
            "depends_on": []
        },
        {
            "path": [
                "root",
                "sg_app"
            ],
            "outputs": {
                "security_group_id": {
                    "sensitive": false,
                    "type": "string",
                    "value": "sg-1ae0397c"
                }
            },
            "resources": {
                "aws_security_group.app_security_group": {
                    "type": "aws_security_group",
                    "depends_on": [],
                    "primary": {
                        "id": "sg-1ae0397c",
                        "attributes": {
                            "description": "Security Group for sg_app",
                            "egress.#": "1",
                            "egress.482069346.cidr_blocks.#": "1",
                            "egress.482069346.cidr_blocks.0": "0.0.0.0/0",
                            "egress.482069346.from_port": "0",
                            "egress.482069346.prefix_list_ids.#": "0",
                            "egress.482069346.protocol": "-1",
                            "egress.482069346.security_groups.#": "0",
                            "egress.482069346.self": "false",
                            "egress.482069346.to_port": "0",
                            "id": "sg-1ae0397c",
                            "ingress.#": "4",
                            "ingress.1686573496.cidr_blocks.#": "0",
                            "ingress.1686573496.from_port": "80",
                            "ingress.1686573496.protocol": "tcp",
                            "ingress.1686573496.security_groups.#": "1",
                            "ingress.1686573496.security_groups.1410496727": "sg-1ee03978",
                            "ingress.1686573496.self": "false",
                            "ingress.1686573496.to_port": "80",
                            "ingress.2541437006.cidr_blocks.#": "1",
                            "ingress.2541437006.cidr_blocks.0": "0.0.0.0/0",
                            "ingress.2541437006.from_port": "22",
                            "ingress.2541437006.protocol": "tcp",
                            "ingress.2541437006.security_groups.#": "0",
                            "ingress.2541437006.self": "false",
                            "ingress.2541437006.to_port": "22",
                            "ingress.3472572478.cidr_blocks.#": "0",
                            "ingress.3472572478.from_port": "0",
                            "ingress.3472572478.protocol": "udp",
                            "ingress.3472572478.security_groups.#": "0",
                            "ingress.3472572478.self": "true",
                            "ingress.3472572478.to_port": "65535",
                            "ingress.3544538468.cidr_blocks.#": "0",
                            "ingress.3544538468.from_port": "0",
                            "ingress.3544538468.protocol": "tcp",
                            "ingress.3544538468.security_groups.#": "0",
                            "ingress.3544538468.self": "true",
                            "ingress.3544538468.to_port": "65535",
                            "name": "sg_app",
                            "owner_id": "469564823659",
                            "tags.%": "1",
                            "tags.Name": "ECS container application security group",
                            "vpc_id": "vpc-eda5cf89"
                        },
                        "meta": {},
                        "tainted": false
                    },
                    "deposed": [],
                    "provider": ""
                }
            },
            "depends_on": []
        },
        {
            "path": [
                "root",
                "sg_elb"
            ],
            "outputs": {
                "security_group_id": {
                    "sensitive": false,
                    "type": "string",
                    "value": "sg-1ee03978"
                }
            },
            "resources": {
                "aws_security_group.elb_security_group": {
                    "type": "aws_security_group",
                    "depends_on": [],
                    "primary": {
                        "id": "sg-1ee03978",
                        "attributes": {
                            "description": "Security Group for sg_elb",
                            "egress.#": "1",
                            "egress.482069346.cidr_blocks.#": "1",
                            "egress.482069346.cidr_blocks.0": "0.0.0.0/0",
                            "egress.482069346.from_port": "0",
                            "egress.482069346.prefix_list_ids.#": "0",
                            "egress.482069346.protocol": "-1",
                            "egress.482069346.security_groups.#": "0",
                            "egress.482069346.self": "false",
                            "egress.482069346.to_port": "0",
                            "id": "sg-1ee03978",
                            "ingress.#": "3",
                            "ingress.2617001939.cidr_blocks.#": "1",
                            "ingress.2617001939.cidr_blocks.0": "0.0.0.0/0",
                            "ingress.2617001939.from_port": "443",
                            "ingress.2617001939.protocol": "tcp",
                            "ingress.2617001939.security_groups.#": "0",
                            "ingress.2617001939.self": "false",
                            "ingress.2617001939.to_port": "443",
                            "ingress.3472572478.cidr_blocks.#": "0",
                            "ingress.3472572478.from_port": "0",
                            "ingress.3472572478.protocol": "udp",
                            "ingress.3472572478.security_groups.#": "0",
                            "ingress.3472572478.self": "true",
                            "ingress.3472572478.to_port": "65535",
                            "ingress.3544538468.cidr_blocks.#": "0",
                            "ingress.3544538468.from_port": "0",
                            "ingress.3544538468.protocol": "tcp",
                            "ingress.3544538468.security_groups.#": "0",
                            "ingress.3544538468.self": "true",
                            "ingress.3544538468.to_port": "65535",
                            "name": "sg_elb",
                            "owner_id": "469564823659",
                            "tags.%": "1",
                            "tags.Name": "Elastic load balancer security group",
                            "vpc_id": "vpc-eda5cf89"
                        },
                        "meta": {},
                        "tainted": false
                    },
                    "deposed": [],
                    "provider": ""
                }
            },
            "depends_on": []
        },
        {
            "path": [
                "root",
                "vpc"
            ],
            "outputs": {
                "aws_nat_gateway": {
                    "sensitive": false,
                    "type": "string",
                    "value": "nat-0d072dc8eea7769b6"
                },
                "private_route_table_id": {
                    "sensitive": false,
                    "type": "string",
                    "value": "rtb-b01925d4"
                },
                "private_subnets": {
                    "sensitive": false,
                    "type": "string",
                    "value": "subnet-68c14830,subnet-efc78b8b,subnet-2093d656"
                },
                "public_route_table_id": {
                    "sensitive": false,
                    "type": "string",
                    "value": "rtb-36192552"
                },
                "public_subnets": {
                    "sensitive": false,
                    "type": "string",
                    "value": "subnet-69c14831,subnet-e8c78b8c,subnet-2393d655"
                },
                "vpc_id": {
                    "sensitive": false,
                    "type": "string",
                    "value": "vpc-eda5cf89"
                }
            },
            "resources": {
                "aws_eip.nat": {
                    "type": "aws_eip",
                    "depends_on": [],
                    "primary": {
                        "id": "eipalloc-44681920",
                        "attributes": {
                            "association_id": "eipassoc-e020ab99",
                            "domain": "vpc",
                            "id": "eipalloc-44681920",
                            "instance": "",
                            "network_interface": "eni-a289d5fc",
                            "private_ip": "10.7.4.153",
                            "public_ip": "52.211.37.63",
                            "vpc": "true"
                        },
                        "meta": {},
                        "tainted": false
                    },
                    "deposed": [],
                    "provider": ""
                },
                "aws_internet_gateway.klassik": {
                    "type": "aws_internet_gateway",
                    "depends_on": [
                        "aws_vpc.klassik"
                    ],
                    "primary": {
                        "id": "igw-46a55222",
                        "attributes": {
                            "id": "igw-46a55222",
                            "tags.%": "1",
                            "tags.Name": "dev-ecs-vpc-igw",
                            "vpc_id": "vpc-eda5cf89"
                        },
                        "meta": {},
                        "tainted": false
                    },
                    "deposed": [],
                    "provider": ""
                },
                "aws_nat_gateway.gw": {
                    "type": "aws_nat_gateway",
                    "depends_on": [
                        "aws_eip.nat",
                        "aws_internet_gateway.klassik",
                        "aws_subnet.public"
                    ],
                    "primary": {
                        "id": "nat-0d072dc8eea7769b6",
                        "attributes": {
                            "allocation_id": "eipalloc-44681920",
                            "id": "nat-0d072dc8eea7769b6",
                            "network_interface_id": "eni-a289d5fc",
                            "private_ip": "10.7.4.153",
                            "public_ip": "52.211.37.63",
                            "subnet_id": "subnet-69c14831"
                        },
                        "meta": {},
                        "tainted": false
                    },
                    "deposed": [],
                    "provider": ""
                },
                "aws_route_table.private": {
                    "type": "aws_route_table",
                    "depends_on": [
                        "aws_nat_gateway.gw",
                        "aws_vpc.klassik"
                    ],
                    "primary": {
                        "id": "rtb-b01925d4",
                        "attributes": {
                            "id": "rtb-b01925d4",
                            "propagating_vgws.#": "0",
                            "route.#": "1",
                            "route.945884387.cidr_block": "0.0.0.0/0",
                            "route.945884387.gateway_id": "",
                            "route.945884387.instance_id": "",
                            "route.945884387.nat_gateway_id": "nat-0d072dc8eea7769b6",
                            "route.945884387.network_interface_id": "",
                            "route.945884387.vpc_peering_connection_id": "",
                            "tags.%": "1",
                            "tags.Name": "dev-ecs-vpc-private-route",
                            "vpc_id": "vpc-eda5cf89"
                        },
                        "meta": {},
                        "tainted": false
                    },
                    "deposed": [],
                    "provider": ""
                },
                "aws_route_table.public": {
                    "type": "aws_route_table",
                    "depends_on": [
                        "aws_internet_gateway.klassik",
                        "aws_vpc.klassik"
                    ],
                    "primary": {
                        "id": "rtb-36192552",
                        "attributes": {
                            "id": "rtb-36192552",
                            "propagating_vgws.#": "0",
                            "route.#": "1",
                            "route.4057054312.cidr_block": "0.0.0.0/0",
                            "route.4057054312.gateway_id": "igw-46a55222",
                            "route.4057054312.instance_id": "",
                            "route.4057054312.nat_gateway_id": "",
                            "route.4057054312.network_interface_id": "",
                            "route.4057054312.vpc_peering_connection_id": "",
                            "tags.%": "1",
                            "tags.Name": "dev-ecs-vpc-public-route",
                            "vpc_id": "vpc-eda5cf89"
                        },
                        "meta": {},
                        "tainted": false
                    },
                    "deposed": [],
                    "provider": ""
                },
                "aws_route_table_association.private.0": {
                    "type": "aws_route_table_association",
                    "depends_on": [
                        "aws_route_table.private",
                        "aws_subnet.private"
                    ],
                    "primary": {
                        "id": "rtbassoc-a4af30c3",
                        "attributes": {
                            "id": "rtbassoc-a4af30c3",
                            "route_table_id": "rtb-b01925d4",
                            "subnet_id": "subnet-68c14830"
                        },
                        "meta": {},
                        "tainted": false
                    },
                    "deposed": [],
                    "provider": ""
                },
                "aws_route_table_association.private.1": {
                    "type": "aws_route_table_association",
                    "depends_on": [
                        "aws_route_table.private",
                        "aws_subnet.private"
                    ],
                    "primary": {
                        "id": "rtbassoc-a2af30c5",
                        "attributes": {
                            "id": "rtbassoc-a2af30c5",
                            "route_table_id": "rtb-b01925d4",
                            "subnet_id": "subnet-efc78b8b"
                        },
                        "meta": {},
                        "tainted": false
                    },
                    "deposed": [],
                    "provider": ""
                },
                "aws_route_table_association.private.2": {
                    "type": "aws_route_table_association",
                    "depends_on": [
                        "aws_route_table.private",
                        "aws_subnet.private"
                    ],
                    "primary": {
                        "id": "rtbassoc-a3af30c4",
                        "attributes": {
                            "id": "rtbassoc-a3af30c4",
                            "route_table_id": "rtb-b01925d4",
                            "subnet_id": "subnet-2093d656"
                        },
                        "meta": {},
                        "tainted": false
                    },
                    "deposed": [],
                    "provider": ""
                },
                "aws_route_table_association.public.0": {
                    "type": "aws_route_table_association",
                    "depends_on": [
                        "aws_route_table.public",
                        "aws_subnet.public"
                    ],
                    "primary": {
                        "id": "rtbassoc-72af3015",
                        "attributes": {
                            "id": "rtbassoc-72af3015",
                            "route_table_id": "rtb-36192552",
                            "subnet_id": "subnet-69c14831"
                        },
                        "meta": {},
                        "tainted": false
                    },
                    "deposed": [],
                    "provider": ""
                },
                "aws_route_table_association.public.1": {
                    "type": "aws_route_table_association",
                    "depends_on": [
                        "aws_route_table.public",
                        "aws_subnet.public"
                    ],
                    "primary": {
                        "id": "rtbassoc-71af3016",
                        "attributes": {
                            "id": "rtbassoc-71af3016",
                            "route_table_id": "rtb-36192552",
                            "subnet_id": "subnet-e8c78b8c"
                        },
                        "meta": {},
                        "tainted": false
                    },
                    "deposed": [],
                    "provider": ""
                },
                "aws_route_table_association.public.2": {
                    "type": "aws_route_table_association",
                    "depends_on": [
                        "aws_route_table.public",
                        "aws_subnet.public"
                    ],
                    "primary": {
                        "id": "rtbassoc-70af3017",
                        "attributes": {
                            "id": "rtbassoc-70af3017",
                            "route_table_id": "rtb-36192552",
                            "subnet_id": "subnet-2393d655"
                        },
                        "meta": {},
                        "tainted": false
                    },
                    "deposed": [],
                    "provider": ""
                },
                "aws_subnet.private.0": {
                    "type": "aws_subnet",
                    "depends_on": [
                        "aws_vpc.klassik"
                    ],
                    "primary": {
                        "id": "subnet-68c14830",
                        "attributes": {
                            "availability_zone": "eu-west-1a",
                            "cidr_block": "10.7.1.0/24",
                            "id": "subnet-68c14830",
                            "map_public_ip_on_launch": "false",
                            "tags.%": "1",
                            "tags.Name": "dev-ecs-vpc-private-subnet",
                            "vpc_id": "vpc-eda5cf89"
                        },
                        "meta": {},
                        "tainted": false
                    },
                    "deposed": [],
                    "provider": ""
                },
                "aws_subnet.private.1": {
                    "type": "aws_subnet",
                    "depends_on": [
                        "aws_vpc.klassik"
                    ],
                    "primary": {
                        "id": "subnet-efc78b8b",
                        "attributes": {
                            "availability_zone": "eu-west-1b",
                            "cidr_block": "10.7.2.0/24",
                            "id": "subnet-efc78b8b",
                            "map_public_ip_on_launch": "false",
                            "tags.%": "1",
                            "tags.Name": "dev-ecs-vpc-private-subnet",
                            "vpc_id": "vpc-eda5cf89"
                        },
                        "meta": {},
                        "tainted": false
                    },
                    "deposed": [],
                    "provider": ""
                },
                "aws_subnet.private.2": {
                    "type": "aws_subnet",
                    "depends_on": [
                        "aws_vpc.klassik"
                    ],
                    "primary": {
                        "id": "subnet-2093d656",
                        "attributes": {
                            "availability_zone": "eu-west-1c",
                            "cidr_block": "10.7.3.0/24",
                            "id": "subnet-2093d656",
                            "map_public_ip_on_launch": "false",
                            "tags.%": "1",
                            "tags.Name": "dev-ecs-vpc-private-subnet",
                            "vpc_id": "vpc-eda5cf89"
                        },
                        "meta": {},
                        "tainted": false
                    },
                    "deposed": [],
                    "provider": ""
                },
                "aws_subnet.public.0": {
                    "type": "aws_subnet",
                    "depends_on": [
                        "aws_vpc.klassik"
                    ],
                    "primary": {
                        "id": "subnet-69c14831",
                        "attributes": {
                            "availability_zone": "eu-west-1a",
                            "cidr_block": "10.7.4.0/24",
                            "id": "subnet-69c14831",
                            "map_public_ip_on_launch": "true",
                            "tags.%": "1",
                            "tags.Name": "dev-ecs-vpc-public-subnet",
                            "vpc_id": "vpc-eda5cf89"
                        },
                        "meta": {},
                        "tainted": false
                    },
                    "deposed": [],
                    "provider": ""
                },
                "aws_subnet.public.1": {
                    "type": "aws_subnet",
                    "depends_on": [
                        "aws_vpc.klassik"
                    ],
                    "primary": {
                        "id": "subnet-e8c78b8c",
                        "attributes": {
                            "availability_zone": "eu-west-1b",
                            "cidr_block": "10.7.5.0/24",
                            "id": "subnet-e8c78b8c",
                            "map_public_ip_on_launch": "true",
                            "tags.%": "1",
                            "tags.Name": "dev-ecs-vpc-public-subnet",
                            "vpc_id": "vpc-eda5cf89"
                        },
                        "meta": {},
                        "tainted": false
                    },
                    "deposed": [],
                    "provider": ""
                },
                "aws_subnet.public.2": {
                    "type": "aws_subnet",
                    "depends_on": [
                        "aws_vpc.klassik"
                    ],
                    "primary": {
                        "id": "subnet-2393d655",
                        "attributes": {
                            "availability_zone": "eu-west-1c",
                            "cidr_block": "10.7.7.0/24",
                            "id": "subnet-2393d655",
                            "map_public_ip_on_launch": "true",
                            "tags.%": "1",
                            "tags.Name": "dev-ecs-vpc-public-subnet",
                            "vpc_id": "vpc-eda5cf89"
                        },
                        "meta": {},
                        "tainted": false
                    },
                    "deposed": [],
                    "provider": ""
                },
                "aws_vpc.klassik": {
                    "type": "aws_vpc",
                    "depends_on": [],
                    "primary": {
                        "id": "vpc-eda5cf89",
                        "attributes": {
                            "cidr_block": "10.7.0.0/16",
                            "default_network_acl_id": "acl-fc557698",
                            "default_route_table_id": "rtb-34192550",
                            "default_security_group_id": "sg-10e03976",
                            "dhcp_options_id": "dopt-e7759682",
                            "enable_classiclink": "false",
                            "enable_dns_hostnames": "true",
                            "enable_dns_support": "true",
                            "id": "vpc-eda5cf89",
                            "instance_tenancy": "default",
                            "main_route_table_id": "rtb-34192550",
                            "tags.%": "1",
                            "tags.Name": "dev-ecs-vpc"
                        },
                        "meta": {},
                        "tainted": false
                    },
                    "deposed": [],
                    "provider": ""
                }
            },
            "depends_on": []
        }
    ]
}
