{
    "version": 3,
    "terraform_version": "0.7.3",
    "serial": 6,
    "lineage": "3af8887b-718d-45fa-baaf-fae983564106",
    "modules": [
        {
            "path": [
                "root"
            ],
            "outputs": {},
            "resources": {},
            "depends_on": []
        },
        {
            "path": [
                "root",
                "app"
            ],
            "outputs": {
                "aws_instance": {
                    "sensitive": false,
                    "type": "string",
                    "value": "i-6c1106fb,i-ba1d9f31,i-ac0ffe6c"
                },
                "aws_instance_ip": {
                    "sensitive": false,
                    "type": "string",
                    "value": "10.7.1.225,10.7.2.105,10.7.3.209"
                }
            },
            "resources": {
                "aws_iam_instance_profile.ecs_inst_profile": {
                    "type": "aws_iam_instance_profile",
                    "depends_on": [
                        "aws_iam_role.ecs_role"
                    ],
                    "primary": {
                        "id": "ecs_inst_profile",
                        "attributes": {
                            "arn": "arn:aws:iam::469564823659:instance-profile/ecs_inst_profile",
                            "id": "ecs_inst_profile",
                            "name": "ecs_inst_profile",
                            "path": "/",
                            "roles.#": "1",
                            "roles.112154061": "ecs_role"
                        },
                        "meta": {},
                        "tainted": false
                    },
                    "deposed": [],
                    "provider": ""
                },
                "aws_iam_role.ecs_role": {
                    "type": "aws_iam_role",
                    "depends_on": [],
                    "primary": {
                        "id": "ecs_role",
                        "attributes": {
                            "arn": "arn:aws:iam::469564823659:role/ecs_role",
                            "assume_role_policy": "{\n  \"Version\": \"2008-10-17\",\n  \"Statement\": [\n    {\n      \"Action\": \"sts:AssumeRole\",\n      \"Principal\": {\n        \"Service\": [\"ecs.amazonaws.com\", \"ec2.amazonaws.com\"]\n      },\n      \"Effect\": \"Allow\"\n    }\n  ]\n}",
                            "id": "ecs_role",
                            "name": "ecs_role",
                            "path": "/",
                            "unique_id": "AROAJAZ3U767HNO52GCKC"
                        },
                        "meta": {},
                        "tainted": false
                    },
                    "deposed": [],
                    "provider": ""
                },
                "aws_iam_role_policy.ecs_instance_role_policy": {
                    "type": "aws_iam_role_policy",
                    "depends_on": [
                        "aws_iam_role.ecs_role"
                    ],
                    "primary": {
                        "id": "ecs_role:ecs_instance_role_policy",
                        "attributes": {
                            "id": "ecs_role:ecs_instance_role_policy",
                            "name": "ecs_instance_role_policy",
                            "policy": "{\n  \"Version\": \"2012-10-17\",\n  \"Statement\": [\n    {\n      \"Effect\": \"Allow\",\n      \"Action\": [\n        \"ecs:CreateCluster\",\n        \"ecs:DeregisterContainerInstance\",\n        \"ecs:DiscoverPollEndpoint\",\n        \"ecs:Poll\",\n        \"ecs:RegisterContainerInstance\",\n        \"ecs:StartTelemetrySession\",\n        \"ecs:Submit*\",\n        \"ecr:GetAuthorizationToken\",\n        \"ecr:BatchCheckLayerAvailability\",\n        \"ecr:GetDownloadUrlForLayer\",\n        \"ecr:BatchGetImage\",\n        \"logs:CreateLogStream\",\n        \"logs:PutLogEvents\"\n      ],\n      \"Resource\": \"*\"\n    }\n  ]\n}",
                            "role": "ecs_role"
                        },
                        "meta": {},
                        "tainted": false
                    },
                    "deposed": [],
                    "provider": ""
                },
                "aws_iam_role_policy.ecs_service_role_policy": {
                    "type": "aws_iam_role_policy",
                    "depends_on": [
                        "aws_iam_role.ecs_role"
                    ],
                    "primary": {
                        "id": "ecs_role:ecs_service_role_policy",
                        "attributes": {
                            "id": "ecs_role:ecs_service_role_policy",
                            "name": "ecs_service_role_policy",
                            "policy": "{\n  \"Version\": \"2012-10-17\",\n  \"Statement\": [\n    {\n      \"Effect\": \"Allow\",\n      \"Action\": [\n        \"ec2:AuthorizeSecurityGroupIngress\",\n        \"ec2:Describe*\",\n        \"elasticloadbalancing:DeregisterInstancesFromLoadBalancer\",\n        \"elasticloadbalancing:DeregisterTargets\",\n        \"elasticloadbalancing:Describe*\",\n        \"elasticloadbalancing:RegisterInstancesWithLoadBalancer\",\n        \"elasticloadbalancing:RegisterTargets\"\n      ],\n      \"Resource\": \"*\"\n    }\n  ]\n}",
                            "role": "ecs_role"
                        },
                        "meta": {},
                        "tainted": false
                    },
                    "deposed": [],
                    "provider": ""
                },
                "aws_instance.app.0": {
                    "type": "aws_instance",
                    "depends_on": [
                        "aws_iam_instance_profile.ecs_inst_profile"
                    ],
                    "primary": {
                        "id": "i-6c1106fb",
                        "attributes": {
                            "ami": "ami-309ad443",
                            "associate_public_ip_address": "false",
                            "availability_zone": "eu-west-1a",
                            "disable_api_termination": "false",
                            "ebs_block_device.#": "1",
                            "ebs_block_device.2178412973.delete_on_termination": "true",
                            "ebs_block_device.2178412973.device_name": "/dev/xvdcz",
                            "ebs_block_device.2178412973.encrypted": "false",
                            "ebs_block_device.2178412973.iops": "100",
                            "ebs_block_device.2178412973.snapshot_id": "snap-3253d9c5",
                            "ebs_block_device.2178412973.volume_size": "22",
                            "ebs_block_device.2178412973.volume_type": "gp2",
                            "ebs_optimized": "false",
                            "ephemeral_block_device.#": "0",
                            "iam_instance_profile": "ecs_inst_profile",
                            "id": "i-6c1106fb",
                            "instance_state": "running",
                            "instance_type": "t2.medium",
                            "key_name": "ops",
                            "monitoring": "false",
                            "network_interface_id": "eni-db6e1d85",
                            "private_dns": "ip-10-7-1-225.eu-west-1.compute.internal",
                            "private_ip": "10.7.1.225",
                            "public_dns": "",
                            "public_ip": "",
                            "root_block_device.#": "1",
                            "root_block_device.0.delete_on_termination": "true",
                            "root_block_device.0.iops": "100",
                            "root_block_device.0.volume_size": "8",
                            "root_block_device.0.volume_type": "gp2",
                            "security_groups.#": "0",
                            "source_dest_check": "false",
                            "subnet_id": "subnet-eac446b2",
                            "tags.%": "1",
                            "tags.Name": "dev-ecs-node-0",
                            "tenancy": "default",
                            "user_data": "8409d24e3863e216c155de078af4aca726af41dd",
                            "vpc_security_group_ids.#": "1",
                            "vpc_security_group_ids.2672191375": "sg-814a81e7"
                        },
                        "meta": {
                            "schema_version": "1"
                        },
                        "tainted": false
                    },
                    "deposed": [],
                    "provider": ""
                },
                "aws_instance.app.1": {
                    "type": "aws_instance",
                    "depends_on": [
                        "aws_iam_instance_profile.ecs_inst_profile"
                    ],
                    "primary": {
                        "id": "i-ba1d9f31",
                        "attributes": {
                            "ami": "ami-309ad443",
                            "associate_public_ip_address": "false",
                            "availability_zone": "eu-west-1b",
                            "disable_api_termination": "false",
                            "ebs_block_device.#": "1",
                            "ebs_block_device.2178412973.delete_on_termination": "true",
                            "ebs_block_device.2178412973.device_name": "/dev/xvdcz",
                            "ebs_block_device.2178412973.encrypted": "false",
                            "ebs_block_device.2178412973.iops": "100",
                            "ebs_block_device.2178412973.snapshot_id": "snap-3253d9c5",
                            "ebs_block_device.2178412973.volume_size": "22",
                            "ebs_block_device.2178412973.volume_type": "gp2",
                            "ebs_optimized": "false",
                            "ephemeral_block_device.#": "0",
                            "iam_instance_profile": "ecs_inst_profile",
                            "id": "i-ba1d9f31",
                            "instance_state": "running",
                            "instance_type": "t2.medium",
                            "key_name": "ops",
                            "monitoring": "false",
                            "network_interface_id": "eni-ce411bb4",
                            "private_dns": "ip-10-7-2-105.eu-west-1.compute.internal",
                            "private_ip": "10.7.2.105",
                            "public_dns": "",
                            "public_ip": "",
                            "root_block_device.#": "1",
                            "root_block_device.0.delete_on_termination": "true",
                            "root_block_device.0.iops": "100",
                            "root_block_device.0.volume_size": "8",
                            "root_block_device.0.volume_type": "gp2",
                            "security_groups.#": "0",
                            "source_dest_check": "false",
                            "subnet_id": "subnet-f2e0a196",
                            "tags.%": "1",
                            "tags.Name": "dev-ecs-node-1",
                            "tenancy": "default",
                            "user_data": "8409d24e3863e216c155de078af4aca726af41dd",
                            "vpc_security_group_ids.#": "1",
                            "vpc_security_group_ids.2672191375": "sg-814a81e7"
                        },
                        "meta": {
                            "schema_version": "1"
                        },
                        "tainted": false
                    },
                    "deposed": [],
                    "provider": ""
                },
                "aws_instance.app.2": {
                    "type": "aws_instance",
                    "depends_on": [
                        "aws_iam_instance_profile.ecs_inst_profile"
                    ],
                    "primary": {
                        "id": "i-ac0ffe6c",
                        "attributes": {
                            "ami": "ami-309ad443",
                            "associate_public_ip_address": "false",
                            "availability_zone": "eu-west-1c",
                            "disable_api_termination": "false",
                            "ebs_block_device.#": "1",
                            "ebs_block_device.2178412973.delete_on_termination": "true",
                            "ebs_block_device.2178412973.device_name": "/dev/xvdcz",
                            "ebs_block_device.2178412973.encrypted": "false",
                            "ebs_block_device.2178412973.iops": "100",
                            "ebs_block_device.2178412973.snapshot_id": "snap-3253d9c5",
                            "ebs_block_device.2178412973.volume_size": "22",
                            "ebs_block_device.2178412973.volume_type": "gp2",
                            "ebs_optimized": "false",
                            "ephemeral_block_device.#": "0",
                            "iam_instance_profile": "ecs_inst_profile",
                            "id": "i-ac0ffe6c",
                            "instance_state": "running",
                            "instance_type": "t2.medium",
                            "key_name": "ops",
                            "monitoring": "false",
                            "network_interface_id": "eni-e09c36af",
                            "private_dns": "ip-10-7-3-209.eu-west-1.compute.internal",
                            "private_ip": "10.7.3.209",
                            "public_dns": "",
                            "public_ip": "",
                            "root_block_device.#": "1",
                            "root_block_device.0.delete_on_termination": "true",
                            "root_block_device.0.iops": "100",
                            "root_block_device.0.volume_size": "8",
                            "root_block_device.0.volume_type": "gp2",
                            "security_groups.#": "0",
                            "source_dest_check": "false",
                            "subnet_id": "subnet-cd2957bb",
                            "tags.%": "1",
                            "tags.Name": "dev-ecs-node-2",
                            "tenancy": "default",
                            "user_data": "8409d24e3863e216c155de078af4aca726af41dd",
                            "vpc_security_group_ids.#": "1",
                            "vpc_security_group_ids.2672191375": "sg-814a81e7"
                        },
                        "meta": {
                            "schema_version": "1"
                        },
                        "tainted": false
                    },
                    "deposed": [],
                    "provider": ""
                }
            },
            "depends_on": []
        },
        {
            "path": [
                "root",
                "elb"
            ],
            "outputs": {
                "elb_dns": {
                    "sensitive": false,
                    "type": "string",
                    "value": "dev-ecs-elb-131625850.eu-west-1.elb.amazonaws.com"
                }
            },
            "resources": {
                "aws_elb.ecs": {
                    "type": "aws_elb",
                    "depends_on": [],
                    "primary": {
                        "id": "dev-ecs-elb",
                        "attributes": {
                            "access_logs.#": "0",
                            "availability_zones.#": "3",
                            "availability_zones.1924028850": "eu-west-1b",
                            "availability_zones.3953592328": "eu-west-1a",
                            "availability_zones.94988580": "eu-west-1c",
                            "connection_draining": "true",
                            "connection_draining_timeout": "400",
                            "cross_zone_load_balancing": "true",
                            "dns_name": "dev-ecs-elb-131625850.eu-west-1.elb.amazonaws.com",
                            "health_check.#": "1",
                            "health_check.0.healthy_threshold": "2",
                            "health_check.0.interval": "30",
                            "health_check.0.target": "HTTP:80/",
                            "health_check.0.timeout": "3",
                            "health_check.0.unhealthy_threshold": "2",
                            "id": "dev-ecs-elb",
                            "idle_timeout": "400",
                            "instances.#": "3",
                            "instances.1468778066": "i-6c1106fb",
                            "instances.3314655897": "i-ba1d9f31",
                            "instances.69685670": "i-ac0ffe6c",
                            "internal": "false",
                            "listener.#": "1",
                            "listener.3057123346.instance_port": "80",
                            "listener.3057123346.instance_protocol": "http",
                            "listener.3057123346.lb_port": "80",
                            "listener.3057123346.lb_protocol": "http",
                            "listener.3057123346.ssl_certificate_id": "",
                            "name": "dev-ecs-elb",
                            "security_groups.#": "1",
                            "security_groups.1818527621": "sg-854a81e3",
                            "source_security_group": "469564823659/sg_elb",
                            "source_security_group_id": "sg-854a81e3",
                            "subnets.#": "3",
                            "subnets.1161480755": "subnet-ebc446b3",
                            "subnets.1609210476": "subnet-ca2957bc",
                            "subnets.3017913240": "subnet-f1e0a195",
                            "tags.%": "1",
                            "tags.Name": "dev ecs elb",
                            "zone_id": "Z32O12XQLNTSW2"
                        },
                        "meta": {},
                        "tainted": false
                    },
                    "deposed": [],
                    "provider": ""
                }
            },
            "depends_on": []
        },
        {
            "path": [
                "root",
                "sg_app"
            ],
            "outputs": {
                "security_group_id": {
                    "sensitive": false,
                    "type": "string",
                    "value": "sg-814a81e7"
                }
            },
            "resources": {
                "aws_security_group.app_security_group": {
                    "type": "aws_security_group",
                    "depends_on": [],
                    "primary": {
                        "id": "sg-814a81e7",
                        "attributes": {
                            "description": "Security Group for sg_app",
                            "egress.#": "1",
                            "egress.482069346.cidr_blocks.#": "1",
                            "egress.482069346.cidr_blocks.0": "0.0.0.0/0",
                            "egress.482069346.from_port": "0",
                            "egress.482069346.prefix_list_ids.#": "0",
                            "egress.482069346.protocol": "-1",
                            "egress.482069346.security_groups.#": "0",
                            "egress.482069346.self": "false",
                            "egress.482069346.to_port": "0",
                            "id": "sg-814a81e7",
                            "ingress.#": "4",
                            "ingress.2541437006.cidr_blocks.#": "1",
                            "ingress.2541437006.cidr_blocks.0": "0.0.0.0/0",
                            "ingress.2541437006.from_port": "22",
                            "ingress.2541437006.protocol": "tcp",
                            "ingress.2541437006.security_groups.#": "0",
                            "ingress.2541437006.self": "false",
                            "ingress.2541437006.to_port": "22",
                            "ingress.3472572478.cidr_blocks.#": "0",
                            "ingress.3472572478.from_port": "0",
                            "ingress.3472572478.protocol": "udp",
                            "ingress.3472572478.security_groups.#": "0",
                            "ingress.3472572478.self": "true",
                            "ingress.3472572478.to_port": "65535",
                            "ingress.3544538468.cidr_blocks.#": "0",
                            "ingress.3544538468.from_port": "0",
                            "ingress.3544538468.protocol": "tcp",
                            "ingress.3544538468.security_groups.#": "0",
                            "ingress.3544538468.self": "true",
                            "ingress.3544538468.to_port": "65535",
                            "ingress.3789182879.cidr_blocks.#": "0",
                            "ingress.3789182879.from_port": "80",
                            "ingress.3789182879.protocol": "tcp",
                            "ingress.3789182879.security_groups.#": "1",
                            "ingress.3789182879.security_groups.1818527621": "sg-854a81e3",
                            "ingress.3789182879.self": "false",
                            "ingress.3789182879.to_port": "80",
                            "name": "sg_app",
                            "owner_id": "469564823659",
                            "tags.%": "1",
                            "tags.Name": "ECS container application security group",
                            "vpc_id": "vpc-895f33ed"
                        },
                        "meta": {},
                        "tainted": false
                    },
                    "deposed": [],
                    "provider": ""
                }
            },
            "depends_on": []
        },
        {
            "path": [
                "root",
                "sg_elb"
            ],
            "outputs": {
                "security_group_id": {
                    "sensitive": false,
                    "type": "string",
                    "value": "sg-854a81e3"
                }
            },
            "resources": {
                "aws_security_group.elb_security_group": {
                    "type": "aws_security_group",
                    "depends_on": [],
                    "primary": {
                        "id": "sg-854a81e3",
                        "attributes": {
                            "description": "Security Group for sg_elb",
                            "egress.#": "1",
                            "egress.482069346.cidr_blocks.#": "1",
                            "egress.482069346.cidr_blocks.0": "0.0.0.0/0",
                            "egress.482069346.from_port": "0",
                            "egress.482069346.prefix_list_ids.#": "0",
                            "egress.482069346.protocol": "-1",
                            "egress.482069346.security_groups.#": "0",
                            "egress.482069346.self": "false",
                            "egress.482069346.to_port": "0",
                            "id": "sg-854a81e3",
                            "ingress.#": "3",
                            "ingress.2617001939.cidr_blocks.#": "1",
                            "ingress.2617001939.cidr_blocks.0": "0.0.0.0/0",
                            "ingress.2617001939.from_port": "443",
                            "ingress.2617001939.protocol": "tcp",
                            "ingress.2617001939.security_groups.#": "0",
                            "ingress.2617001939.self": "false",
                            "ingress.2617001939.to_port": "443",
                            "ingress.3472572478.cidr_blocks.#": "0",
                            "ingress.3472572478.from_port": "0",
                            "ingress.3472572478.protocol": "udp",
                            "ingress.3472572478.security_groups.#": "0",
                            "ingress.3472572478.self": "true",
                            "ingress.3472572478.to_port": "65535",
                            "ingress.3544538468.cidr_blocks.#": "0",
                            "ingress.3544538468.from_port": "0",
                            "ingress.3544538468.protocol": "tcp",
                            "ingress.3544538468.security_groups.#": "0",
                            "ingress.3544538468.self": "true",
                            "ingress.3544538468.to_port": "65535",
                            "name": "sg_elb",
                            "owner_id": "469564823659",
                            "tags.%": "1",
                            "tags.Name": "Elastic load balancer security group",
                            "vpc_id": "vpc-895f33ed"
                        },
                        "meta": {},
                        "tainted": false
                    },
                    "deposed": [],
                    "provider": ""
                }
            },
            "depends_on": []
        },
        {
            "path": [
                "root",
                "vpc"
            ],
            "outputs": {
                "aws_nat_gateway": {
                    "sensitive": false,
                    "type": "string",
                    "value": "nat-0e98b04679c577846"
                },
                "private_route_table_id": {
                    "sensitive": false,
                    "type": "string",
                    "value": "rtb-5480b430"
                },
                "private_subnets": {
                    "sensitive": false,
                    "type": "string",
                    "value": "subnet-eac446b2,subnet-f2e0a196,subnet-cd2957bb"
                },
                "public_route_table_id": {
                    "sensitive": false,
                    "type": "string",
                    "value": "rtb-d687b3b2"
                },
                "public_subnets": {
                    "sensitive": false,
                    "type": "string",
                    "value": "subnet-ebc446b3,subnet-f1e0a195,subnet-ca2957bc"
                },
                "vpc_id": {
                    "sensitive": false,
                    "type": "string",
                    "value": "vpc-895f33ed"
                }
            },
            "resources": {
                "aws_eip.nat": {
                    "type": "aws_eip",
                    "depends_on": [],
                    "primary": {
                        "id": "eipalloc-d28a14b6",
                        "attributes": {
                            "association_id": "eipassoc-d2d865ab",
                            "domain": "vpc",
                            "id": "eipalloc-d28a14b6",
                            "instance": "",
                            "network_interface": "eni-d6385088",
                            "private_ip": "10.7.4.160",
                            "public_ip": "52.212.233.125",
                            "vpc": "true"
                        },
                        "meta": {},
                        "tainted": false
                    },
                    "deposed": [],
                    "provider": ""
                },
                "aws_internet_gateway.klassik": {
                    "type": "aws_internet_gateway",
                    "depends_on": [
                        "aws_vpc.klassik"
                    ],
                    "primary": {
                        "id": "igw-82856de6",
                        "attributes": {
                            "id": "igw-82856de6",
                            "tags.%": "1",
                            "tags.Name": "dev-ecs-vpc-igw",
                            "vpc_id": "vpc-895f33ed"
                        },
                        "meta": {},
                        "tainted": false
                    },
                    "deposed": [],
                    "provider": ""
                },
                "aws_nat_gateway.gw": {
                    "type": "aws_nat_gateway",
                    "depends_on": [
                        "aws_eip.nat",
                        "aws_internet_gateway.klassik",
                        "aws_subnet.public"
                    ],
                    "primary": {
                        "id": "nat-0e98b04679c577846",
                        "attributes": {
                            "allocation_id": "eipalloc-d28a14b6",
                            "id": "nat-0e98b04679c577846",
                            "network_interface_id": "eni-d6385088",
                            "private_ip": "10.7.4.160",
                            "public_ip": "52.212.233.125",
                            "subnet_id": "subnet-ebc446b3"
                        },
                        "meta": {},
                        "tainted": false
                    },
                    "deposed": [],
                    "provider": ""
                },
                "aws_route_table.private": {
                    "type": "aws_route_table",
                    "depends_on": [
                        "aws_nat_gateway.gw",
                        "aws_vpc.klassik"
                    ],
                    "primary": {
                        "id": "rtb-5480b430",
                        "attributes": {
                            "id": "rtb-5480b430",
                            "propagating_vgws.#": "0",
                            "route.#": "1",
                            "route.4144042730.cidr_block": "0.0.0.0/0",
                            "route.4144042730.gateway_id": "",
                            "route.4144042730.instance_id": "",
                            "route.4144042730.nat_gateway_id": "nat-0e98b04679c577846",
                            "route.4144042730.network_interface_id": "",
                            "route.4144042730.vpc_peering_connection_id": "",
                            "tags.%": "1",
                            "tags.Name": "dev-ecs-vpc-private-route",
                            "vpc_id": "vpc-895f33ed"
                        },
                        "meta": {},
                        "tainted": false
                    },
                    "deposed": [],
                    "provider": ""
                },
                "aws_route_table.public": {
                    "type": "aws_route_table",
                    "depends_on": [
                        "aws_internet_gateway.klassik",
                        "aws_vpc.klassik"
                    ],
                    "primary": {
                        "id": "rtb-d687b3b2",
                        "attributes": {
                            "id": "rtb-d687b3b2",
                            "propagating_vgws.#": "0",
                            "route.#": "1",
                            "route.3166277350.cidr_block": "0.0.0.0/0",
                            "route.3166277350.gateway_id": "igw-82856de6",
                            "route.3166277350.instance_id": "",
                            "route.3166277350.nat_gateway_id": "",
                            "route.3166277350.network_interface_id": "",
                            "route.3166277350.vpc_peering_connection_id": "",
                            "tags.%": "1",
                            "tags.Name": "dev-ecs-vpc-public-route",
                            "vpc_id": "vpc-895f33ed"
                        },
                        "meta": {},
                        "tainted": false
                    },
                    "deposed": [],
                    "provider": ""
                },
                "aws_route_table_association.private.0": {
                    "type": "aws_route_table_association",
                    "depends_on": [
                        "aws_route_table.private",
                        "aws_subnet.private"
                    ],
                    "primary": {
                        "id": "rtbassoc-94bf2af3",
                        "attributes": {
                            "id": "rtbassoc-94bf2af3",
                            "route_table_id": "rtb-5480b430",
                            "subnet_id": "subnet-eac446b2"
                        },
                        "meta": {},
                        "tainted": false
                    },
                    "deposed": [],
                    "provider": ""
                },
                "aws_route_table_association.private.1": {
                    "type": "aws_route_table_association",
                    "depends_on": [
                        "aws_route_table.private",
                        "aws_subnet.private"
                    ],
                    "primary": {
                        "id": "rtbassoc-95bf2af2",
                        "attributes": {
                            "id": "rtbassoc-95bf2af2",
                            "route_table_id": "rtb-5480b430",
                            "subnet_id": "subnet-f2e0a196"
                        },
                        "meta": {},
                        "tainted": false
                    },
                    "deposed": [],
                    "provider": ""
                },
                "aws_route_table_association.private.2": {
                    "type": "aws_route_table_association",
                    "depends_on": [
                        "aws_route_table.private",
                        "aws_subnet.private"
                    ],
                    "primary": {
                        "id": "rtbassoc-96bf2af1",
                        "attributes": {
                            "id": "rtbassoc-96bf2af1",
                            "route_table_id": "rtb-5480b430",
                            "subnet_id": "subnet-cd2957bb"
                        },
                        "meta": {},
                        "tainted": false
                    },
                    "deposed": [],
                    "provider": ""
                },
                "aws_route_table_association.public.0": {
                    "type": "aws_route_table_association",
                    "depends_on": [
                        "aws_route_table.public",
                        "aws_subnet.public"
                    ],
                    "primary": {
                        "id": "rtbassoc-43bf2a24",
                        "attributes": {
                            "id": "rtbassoc-43bf2a24",
                            "route_table_id": "rtb-d687b3b2",
                            "subnet_id": "subnet-ebc446b3"
                        },
                        "meta": {},
                        "tainted": false
                    },
                    "deposed": [],
                    "provider": ""
                },
                "aws_route_table_association.public.1": {
                    "type": "aws_route_table_association",
                    "depends_on": [
                        "aws_route_table.public",
                        "aws_subnet.public"
                    ],
                    "primary": {
                        "id": "rtbassoc-42bf2a25",
                        "attributes": {
                            "id": "rtbassoc-42bf2a25",
                            "route_table_id": "rtb-d687b3b2",
                            "subnet_id": "subnet-f1e0a195"
                        },
                        "meta": {},
                        "tainted": false
                    },
                    "deposed": [],
                    "provider": ""
                },
                "aws_route_table_association.public.2": {
                    "type": "aws_route_table_association",
                    "depends_on": [
                        "aws_route_table.public",
                        "aws_subnet.public"
                    ],
                    "primary": {
                        "id": "rtbassoc-41bf2a26",
                        "attributes": {
                            "id": "rtbassoc-41bf2a26",
                            "route_table_id": "rtb-d687b3b2",
                            "subnet_id": "subnet-ca2957bc"
                        },
                        "meta": {},
                        "tainted": false
                    },
                    "deposed": [],
                    "provider": ""
                },
                "aws_subnet.private.0": {
                    "type": "aws_subnet",
                    "depends_on": [
                        "aws_vpc.klassik"
                    ],
                    "primary": {
                        "id": "subnet-eac446b2",
                        "attributes": {
                            "availability_zone": "eu-west-1a",
                            "cidr_block": "10.7.1.0/24",
                            "id": "subnet-eac446b2",
                            "map_public_ip_on_launch": "false",
                            "tags.%": "1",
                            "tags.Name": "dev-ecs-vpc-private-subnet",
                            "vpc_id": "vpc-895f33ed"
                        },
                        "meta": {},
                        "tainted": false
                    },
                    "deposed": [],
                    "provider": ""
                },
                "aws_subnet.private.1": {
                    "type": "aws_subnet",
                    "depends_on": [
                        "aws_vpc.klassik"
                    ],
                    "primary": {
                        "id": "subnet-f2e0a196",
                        "attributes": {
                            "availability_zone": "eu-west-1b",
                            "cidr_block": "10.7.2.0/24",
                            "id": "subnet-f2e0a196",
                            "map_public_ip_on_launch": "false",
                            "tags.%": "1",
                            "tags.Name": "dev-ecs-vpc-private-subnet",
                            "vpc_id": "vpc-895f33ed"
                        },
                        "meta": {},
                        "tainted": false
                    },
                    "deposed": [],
                    "provider": ""
                },
                "aws_subnet.private.2": {
                    "type": "aws_subnet",
                    "depends_on": [
                        "aws_vpc.klassik"
                    ],
                    "primary": {
                        "id": "subnet-cd2957bb",
                        "attributes": {
                            "availability_zone": "eu-west-1c",
                            "cidr_block": "10.7.3.0/24",
                            "id": "subnet-cd2957bb",
                            "map_public_ip_on_launch": "false",
                            "tags.%": "1",
                            "tags.Name": "dev-ecs-vpc-private-subnet",
                            "vpc_id": "vpc-895f33ed"
                        },
                        "meta": {},
                        "tainted": false
                    },
                    "deposed": [],
                    "provider": ""
                },
                "aws_subnet.public.0": {
                    "type": "aws_subnet",
                    "depends_on": [
                        "aws_vpc.klassik"
                    ],
                    "primary": {
                        "id": "subnet-ebc446b3",
                        "attributes": {
                            "availability_zone": "eu-west-1a",
                            "cidr_block": "10.7.4.0/24",
                            "id": "subnet-ebc446b3",
                            "map_public_ip_on_launch": "true",
                            "tags.%": "1",
                            "tags.Name": "dev-ecs-vpc-public-subnet",
                            "vpc_id": "vpc-895f33ed"
                        },
                        "meta": {},
                        "tainted": false
                    },
                    "deposed": [],
                    "provider": ""
                },
                "aws_subnet.public.1": {
                    "type": "aws_subnet",
                    "depends_on": [
                        "aws_vpc.klassik"
                    ],
                    "primary": {
                        "id": "subnet-f1e0a195",
                        "attributes": {
                            "availability_zone": "eu-west-1b",
                            "cidr_block": "10.7.5.0/24",
                            "id": "subnet-f1e0a195",
                            "map_public_ip_on_launch": "true",
                            "tags.%": "1",
                            "tags.Name": "dev-ecs-vpc-public-subnet",
                            "vpc_id": "vpc-895f33ed"
                        },
                        "meta": {},
                        "tainted": false
                    },
                    "deposed": [],
                    "provider": ""
                },
                "aws_subnet.public.2": {
                    "type": "aws_subnet",
                    "depends_on": [
                        "aws_vpc.klassik"
                    ],
                    "primary": {
                        "id": "subnet-ca2957bc",
                        "attributes": {
                            "availability_zone": "eu-west-1c",
                            "cidr_block": "10.7.7.0/24",
                            "id": "subnet-ca2957bc",
                            "map_public_ip_on_launch": "true",
                            "tags.%": "1",
                            "tags.Name": "dev-ecs-vpc-public-subnet",
                            "vpc_id": "vpc-895f33ed"
                        },
                        "meta": {},
                        "tainted": false
                    },
                    "deposed": [],
                    "provider": ""
                },
                "aws_vpc.klassik": {
                    "type": "aws_vpc",
                    "depends_on": [],
                    "primary": {
                        "id": "vpc-895f33ed",
                        "attributes": {
                            "cidr_block": "10.7.0.0/16",
                            "default_network_acl_id": "acl-6c2d7708",
                            "default_route_table_id": "rtb-ca87b3ae",
                            "default_security_group_id": "sg-b94a81df",
                            "dhcp_options_id": "dopt-e7759682",
                            "enable_classiclink": "false",
                            "enable_dns_hostnames": "true",
                            "enable_dns_support": "true",
                            "id": "vpc-895f33ed",
                            "instance_tenancy": "default",
                            "main_route_table_id": "rtb-ca87b3ae",
                            "tags.%": "1",
                            "tags.Name": "dev-ecs-vpc"
                        },
                        "meta": {},
                        "tainted": false
                    },
                    "deposed": [],
                    "provider": ""
                }
            },
            "depends_on": []
        }
    ]
}
